
Microsoft Visual Studio Solution File, Format Version 12.00
# Visual Studio Version 17
VisualStudioVersion = 17.4.33122.133
MinimumVisualStudioVersion = 10.0.40219.1
Project("{9A19103F-16F7-4668-BE54-9A1E7A4F7556}") = "_ManuPlayground", "_ManuPlayground\_ManuPlayground.csproj", "{0D7EBF87-B5A2-4C80-A69E-A483A6C5F7AE}"
EndProject
Project("{9A19103F-16F7-4668-BE54-9A1E7A4F7556}") = "IEnumerable.YieldEnumerations", "IEnumerable.YieldEnumerations\IEnumerable.YieldEnumerations.csproj", "{6121A1AD-4AE8-4ED2-A86B-61EDD958CE02}"
EndProject
Project("{9A19103F-16F7-4668-BE54-9A1E7A4F7556}") = "Records", "Records\Records.csproj", "{1D6228C6-C443-40E4-9BDD-862164BBD44B}"
EndProject
Project("{9A19103F-16F7-4668-BE54-9A1E7A4F7556}") = "Enums.SmartEnums", "Enums\Enums.SmartEnums.csproj", "{564C425E-8575-4AEF-8232-DECF0A441314}"
EndProject
Project("{9A19103F-16F7-4668-BE54-9A1E7A4F7556}") = "CastObjects", "CastObjects\CastObjects.csproj", "{60569A02-7CFC-4F72-AAF9-4F03BBA67D53}"
EndProject
Project("{9A19103F-16F7-4668-BE54-9A1E7A4F7556}") = "CSharp11.RawStringLiterals", "CSharp11.RawStringLiterals\CSharp11.RawStringLiterals.csproj", "{4E1B2F53-B640-476E-B7E6-369F269B7A58}"
EndProject
Project("{9A19103F-16F7-4668-BE54-9A1E7A4F7556}") = "CSharp11.ListPatterns", "CSharp11.ListPatterns\CSharp11.ListPatterns.csproj", "{63AFA8EC-4031-4F9F-A1B9-153CFFE278F0}"
EndProject
Project("{9A19103F-16F7-4668-BE54-9A1E7A4F7556}") = "CSharp11.GenericsOnAttributes", "CSharp11.GenericsOnAttributes\CSharp11.GenericsOnAttributes.csproj", "{285ABE97-C624-40A8-B693-57028D2E1FF5}"
EndProject
Project("{9A19103F-16F7-4668-BE54-9A1E7A4F7556}") = "CSharp11.NameOf", "CSharp11.NameOf\CSharp11.NameOf.csproj", "{F34E7020-5023-4664-8B44-0F2B43213139}"
EndProject
Project("{9A19103F-16F7-4668-BE54-9A1E7A4F7556}") = "CSharp11.Utf8StringLiterals", "CSharp11.Utf8StringLiterals\CSharp11.Utf8StringLiterals.csproj", "{D7F2F43F-1550-4FF1-BA6B-BDBC23C7D3CE}"
EndProject
Project("{9A19103F-16F7-4668-BE54-9A1E7A4F7556}") = "CSharp11.StringInterpolatedNewLine", "CSharp11.StringInterpolatedNewLine\CSharp11.StringInterpolatedNewLine.csproj", "{8186C74D-8DE7-4BFF-9958-C7AD6923C012}"
EndProject
Project("{9A19103F-16F7-4668-BE54-9A1E7A4F7556}") = "CSharp11.GenericMath", "CSharp11.GenericMath\CSharp11.GenericMath.csproj", "{18C45EC0-C2D3-4DF4-B8D5-430B23426819}"
EndProject
Project("{9A19103F-16F7-4668-BE54-9A1E7A4F7556}") = "CSharp11.RequiredMembers", "CSharp11.RequiredMembers\CSharp11.RequiredMembers.csproj", "{E0A361B8-2BF1-400B-99D1-AA94C84EAC58}"
EndProject
Project("{9A19103F-16F7-4668-BE54-9A1E7A4F7556}") = "CSharp11.FileScopedTypes", "CSharp11.FileScopedTypes\CSharp11.FileScopedTypes.csproj", "{21F60921-D515-41B6-81D2-FB118859A411}"
EndProject
Project("{9A19103F-16F7-4668-BE54-9A1E7A4F7556}") = "CSharp11.PatternMatchSpan", "CSharp11.PatternMatchSpan\CSharp11.PatternMatchSpan.csproj", "{73A93C11-EA4C-449F-A795-6AD2C659FA23}"
EndProject
Project("{9A19103F-16F7-4668-BE54-9A1E7A4F7556}") = "CSharp11.AutoDefaultStruct", "CSharp11.AutoDefaultStruct\CSharp11.AutoDefaultStruct.csproj", "{7DB08874-03DC-4B5D-A0EF-2A91395B1458}"
EndProject
Project("{9A19103F-16F7-4668-BE54-9A1E7A4F7556}") = "CSharp11.ImproveMethodGroup", "CSharp11.ImproveMethodGroup\CSharp11.ImproveMethodGroup.csproj", "{EB1A6CE4-196F-499E-A8F7-5B6157AAC660}"
EndProject
Project("{9A19103F-16F7-4668-BE54-9A1E7A4F7556}") = "CSharp11.NumericIntPointer", "CSharp11.NumericIntPointer\CSharp11.NumericIntPointer.csproj", "{8721C215-C9B1-4B6B-8561-267B015E22F6}"
EndProject
Project("{9A19103F-16F7-4668-BE54-9A1E7A4F7556}") = "CSharp11.RefFieldsScoped", "CSharp11.RefFieldsScoped\CSharp11.RefFieldsScoped.csproj", "{B93EB265-5972-4060-B238-E43BE134111C}"
EndProject
Project("{9A19103F-16F7-4668-BE54-9A1E7A4F7556}") = "ComparingObjects", "ComparingObjects\ComparingObjects.csproj", "{987AB6A9-6B86-45E0-9B28-7058EC8F355A}"
EndProject
Project("{9A19103F-16F7-4668-BE54-9A1E7A4F7556}") = "HashSets", "HashSets\HashSets.csproj", "{3E8F684C-65FB-4C75-8CE9-4CC6F2AC4E6F}"
EndProject
Project("{2150E333-8FDC-42A3-9474-1A3956D46DE8}") = "CSharp11", "CSharp11", "{98215C86-9F61-4EB2-933E-FEE829A58F6A}"
EndProject
Project("{2150E333-8FDC-42A3-9474-1A3956D46DE8}") = "Casting Objects", "Casting Objects", "{41122A78-EEF0-49AE-B779-C41D5768FF78}"
EndProject
Project("{2150E333-8FDC-42A3-9474-1A3956D46DE8}") = "Comparing Objects", "Comparing Objects", "{7B1C42CA-DF5F-4F8C-A7F4-2BFCB5644EDB}"
EndProject
Project("{2150E333-8FDC-42A3-9474-1A3956D46DE8}") = "Collections", "Collections", "{8373F753-E922-4726-9C9C-405BB5358C64}"
EndProject
Project("{2150E333-8FDC-42A3-9474-1A3956D46DE8}") = "Enums", "Enums", "{F328E4EC-F526-4447-8A6B-D2ACD26BC7F0}"
EndProject
Project("{2150E333-8FDC-42A3-9474-1A3956D46DE8}") = "Records", "Records", "{4880C5A9-189D-43DA-94F9-3F5CA10CB328}"
EndProject
Project("{2150E333-8FDC-42A3-9474-1A3956D46DE8}") = "Asynchronous programming", "Asynchronous programming", "{57AA62E5-DA43-48E8-8DD9-F854DDFCADAE}"
EndProject
Project("{9A19103F-16F7-4668-BE54-9A1E7A4F7556}") = "Async", "Async\Async.csproj", "{1AFC4E0C-D9FB-4494-B7EA-6F9C96ABEA66}"
EndProject
Project("{9A19103F-16F7-4668-BE54-9A1E7A4F7556}") = "ValidateDependencyInjection.UseDefaultServiceProvider", "ValidateDependencyInjection.UseDefaultServiceProvider\ValidateDependencyInjection.UseDefaultServiceProvider.csproj", "{1B223D27-A0D8-4702-A76E-1E0DD2E03F0B}"
EndProject
Project("{9A19103F-16F7-4668-BE54-9A1E7A4F7556}") = "ValidateDependencyInjection.UsingTests.Tests", "ValidateDependencyInjection.UsingTests.Tests\ValidateDependencyInjection.UsingTests.Tests.csproj", "{240EDA7B-A80D-49CA-B403-BB37BAA78EC1}"
EndProject
Project("{2150E333-8FDC-42A3-9474-1A3956D46DE8}") = "Debugging", "Debugging", "{2336E6CC-915E-48D9-837E-2BE770EA166F}"
EndProject
Project("{9A19103F-16F7-4668-BE54-9A1E7A4F7556}") = "DebuggerDisplay", "DebuggerDisplay\DebuggerDisplay.csproj", "{5E8EB49F-3AD3-4C11-BBF2-D04F0B2A0A0C}"
EndProject
Project("{9A19103F-16F7-4668-BE54-9A1E7A4F7556}") = "ValidateDependencyInjection.UsingTests", "ValidateDependencyInjection.UsingTests\ValidateDependencyInjection.UsingTests.csproj", "{F2E67F59-150F-44EA-8747-413B736924E4}"
EndProject
Project("{2150E333-8FDC-42A3-9474-1A3956D46DE8}") = "Dependency Injection", "Dependency Injection", "{F96C68E4-0663-41F0-91B1-8232C5CA48C3}"
EndProject
Project("{FAE04EC0-301F-11D3-BF4B-00C04F79EFBC}") = "Records.Tests", "Records.Tests\Records.Tests.csproj", "{E9157F77-9668-4C00-8EFA-9F6B5B157B9F}"
EndProject
Project("{9A19103F-16F7-4668-BE54-9A1E7A4F7556}") = "CastIntefaces", "CastIntefaces\CastIntefaces.csproj", "{7D45C761-3F61-4460-86D0-154AC59614CA}"
EndProject
Project("{2150E333-8FDC-42A3-9474-1A3956D46DE8}") = "AddPropertiesToExternalClass", "AddPropertiesToExternalClass", "{246A39B1-CA37-4F41-AB7B-5050EA5B80D4}"
EndProject
Project("{9A19103F-16F7-4668-BE54-9A1E7A4F7556}") = "ConditionalWeakTable", "ConditionalWeakTable\ConditionalWeakTable.csproj", "{12665A33-7FF3-45E7-BE88-4BA4799B09F6}"
EndProject
Project("{2150E333-8FDC-42A3-9474-1A3956D46DE8}") = "Testing", "Testing", "{3BD3A6FD-5E2D-498A-B537-71B25B5B9E08}"
EndProject
Project("{9A19103F-16F7-4668-BE54-9A1E7A4F7556}") = "IntegrationTests.MockHttpWithWireMock.Tests", "IntegrationTests.MockHttpWithWireMock.Tests\IntegrationTests.MockHttpWithWireMock.Tests.csproj", "{C9063D2E-46A6-4531-9173-1B49F0884BC3}"
EndProject
Project("{9A19103F-16F7-4668-BE54-9A1E7A4F7556}") = "IntegrationTests.MockHttpWithWireMock", "IntegrationTests.MockHttpWithWireMock\IntegrationTests.MockHttpWithWireMock.csproj", "{83ECDFBA-8947-4C18-A6E7-21C455E1F5CB}"
EndProject
Project("{2150E333-8FDC-42A3-9474-1A3956D46DE8}") = "Logging", "Logging", "{D023C0EC-EBC4-4D6B-94F7-D1409FA25EE7}"
EndProject
Project("{9A19103F-16F7-4668-BE54-9A1E7A4F7556}") = "Logging.MemoryConsiderations", "Logging.MemoryConsiderations\Logging.MemoryConsiderations.csproj", "{CCD6CC3A-7EAE-4D68-97DD-6DE9CF14A5EB}"
EndProject
Project("{2150E333-8FDC-42A3-9474-1A3956D46DE8}") = "Cancellation Token", "Cancellation Token", "{6D357F62-C55B-4A9A-B93F-E99B5AE922FB}"
EndProject
Project("{9A19103F-16F7-4668-BE54-9A1E7A4F7556}") = "CancellationTokenExample", "CancellationTokenExample\CancellationTokenExample.csproj", "{0E427827-A8DC-4AE8-B30B-7074F86641C2}"
EndProject
Project("{9A19103F-16F7-4668-BE54-9A1E7A4F7556}") = "Logging.AvoidStringInterpolation", "Logging.AvoidStringInterpolation\Logging.AvoidStringInterpolation.csproj", "{D8288BE6-9A0B-44DA-94DF-09E0E15B0DCD}"
EndProject
Project("{2150E333-8FDC-42A3-9474-1A3956D46DE8}") = "Auth", "Auth", "{0A5C782D-C1E4-46B5-B646-F3E0E211DC57}"
EndProject
Project("{9A19103F-16F7-4668-BE54-9A1E7A4F7556}") = "Auth.CookiesAndOAuth2", "Auth.WithClaims\Auth.CookiesAndOAuth2.csproj", "{6C51E7E0-E6E6-421C-B299-2D267BC0C37A}"
EndProject
Project("{2150E333-8FDC-42A3-9474-1A3956D46DE8}") = "Http", "Http", "{121B7ED5-8351-4FB6-9C88-C9CA4A2336D9}"
EndProject
Project("{9A19103F-16F7-4668-BE54-9A1E7A4F7556}") = "HttpClient.HowToUse", "HttpClient.HowToUse\HttpClient.HowToUse.csproj", "{CCA0AA0E-C474-4790-891A-F74C2F36AC70}"
EndProject
Project("{9A19103F-16F7-4668-BE54-9A1E7A4F7556}") = "HttpPollyRetry", "HttpPollyRetry\HttpPollyRetry.csproj", "{E315ED0D-23B8-45A3-BAA0-C013E73925D2}"
EndProject
Project("{2150E333-8FDC-42A3-9474-1A3956D46DE8}") = "Middlewares and Filters", "Middlewares and Filters", "{FC0C9E78-C9CB-4532-89BF-7BB8525C036B}"
EndProject
Project("{FAE04EC0-301F-11D3-BF4B-00C04F79EFBC}") = "MiddlewaresAndFilters", "MiddlewaresAndFilters\MiddlewaresAndFilters.csproj", "{0714EA9D-C383-4030-8105-580ED3808433}"
EndProject
Global
	GlobalSection(SolutionConfigurationPlatforms) = preSolution
		Debug|Any CPU = Debug|Any CPU
		Release|Any CPU = Release|Any CPU
	EndGlobalSection
	GlobalSection(ProjectConfigurationPlatforms) = postSolution
		{0D7EBF87-B5A2-4C80-A69E-A483A6C5F7AE}.Debug|Any CPU.ActiveCfg = Debug|Any CPU
		{0D7EBF87-B5A2-4C80-A69E-A483A6C5F7AE}.Debug|Any CPU.Build.0 = Debug|Any CPU
		{0D7EBF87-B5A2-4C80-A69E-A483A6C5F7AE}.Release|Any CPU.ActiveCfg = Release|Any CPU
		{0D7EBF87-B5A2-4C80-A69E-A483A6C5F7AE}.Release|Any CPU.Build.0 = Release|Any CPU
		{6121A1AD-4AE8-4ED2-A86B-61EDD958CE02}.Debug|Any CPU.ActiveCfg = Debug|Any CPU
		{6121A1AD-4AE8-4ED2-A86B-61EDD958CE02}.Debug|Any CPU.Build.0 = Debug|Any CPU
		{6121A1AD-4AE8-4ED2-A86B-61EDD958CE02}.Release|Any CPU.ActiveCfg = Release|Any CPU
		{6121A1AD-4AE8-4ED2-A86B-61EDD958CE02}.Release|Any CPU.Build.0 = Release|Any CPU
		{1D6228C6-C443-40E4-9BDD-862164BBD44B}.Debug|Any CPU.ActiveCfg = Debug|Any CPU
		{1D6228C6-C443-40E4-9BDD-862164BBD44B}.Debug|Any CPU.Build.0 = Debug|Any CPU
		{1D6228C6-C443-40E4-9BDD-862164BBD44B}.Release|Any CPU.ActiveCfg = Release|Any CPU
		{1D6228C6-C443-40E4-9BDD-862164BBD44B}.Release|Any CPU.Build.0 = Release|Any CPU
		{564C425E-8575-4AEF-8232-DECF0A441314}.Debug|Any CPU.ActiveCfg = Debug|Any CPU
		{564C425E-8575-4AEF-8232-DECF0A441314}.Debug|Any CPU.Build.0 = Debug|Any CPU
		{564C425E-8575-4AEF-8232-DECF0A441314}.Release|Any CPU.ActiveCfg = Release|Any CPU
		{564C425E-8575-4AEF-8232-DECF0A441314}.Release|Any CPU.Build.0 = Release|Any CPU
		{60569A02-7CFC-4F72-AAF9-4F03BBA67D53}.Debug|Any CPU.ActiveCfg = Debug|Any CPU
		{60569A02-7CFC-4F72-AAF9-4F03BBA67D53}.Debug|Any CPU.Build.0 = Debug|Any CPU
		{60569A02-7CFC-4F72-AAF9-4F03BBA67D53}.Release|Any CPU.ActiveCfg = Release|Any CPU
		{60569A02-7CFC-4F72-AAF9-4F03BBA67D53}.Release|Any CPU.Build.0 = Release|Any CPU
		{4E1B2F53-B640-476E-B7E6-369F269B7A58}.Debug|Any CPU.ActiveCfg = Debug|Any CPU
		{4E1B2F53-B640-476E-B7E6-369F269B7A58}.Debug|Any CPU.Build.0 = Debug|Any CPU
		{4E1B2F53-B640-476E-B7E6-369F269B7A58}.Release|Any CPU.ActiveCfg = Release|Any CPU
		{4E1B2F53-B640-476E-B7E6-369F269B7A58}.Release|Any CPU.Build.0 = Release|Any CPU
		{63AFA8EC-4031-4F9F-A1B9-153CFFE278F0}.Debug|Any CPU.ActiveCfg = Debug|Any CPU
		{63AFA8EC-4031-4F9F-A1B9-153CFFE278F0}.Debug|Any CPU.Build.0 = Debug|Any CPU
		{63AFA8EC-4031-4F9F-A1B9-153CFFE278F0}.Release|Any CPU.ActiveCfg = Release|Any CPU
		{63AFA8EC-4031-4F9F-A1B9-153CFFE278F0}.Release|Any CPU.Build.0 = Release|Any CPU
		{285ABE97-C624-40A8-B693-57028D2E1FF5}.Debug|Any CPU.ActiveCfg = Debug|Any CPU
		{285ABE97-C624-40A8-B693-57028D2E1FF5}.Debug|Any CPU.Build.0 = Debug|Any CPU
		{285ABE97-C624-40A8-B693-57028D2E1FF5}.Release|Any CPU.ActiveCfg = Release|Any CPU
		{285ABE97-C624-40A8-B693-57028D2E1FF5}.Release|Any CPU.Build.0 = Release|Any CPU
		{F34E7020-5023-4664-8B44-0F2B43213139}.Debug|Any CPU.ActiveCfg = Debug|Any CPU
		{F34E7020-5023-4664-8B44-0F2B43213139}.Debug|Any CPU.Build.0 = Debug|Any CPU
		{F34E7020-5023-4664-8B44-0F2B43213139}.Release|Any CPU.ActiveCfg = Release|Any CPU
		{F34E7020-5023-4664-8B44-0F2B43213139}.Release|Any CPU.Build.0 = Release|Any CPU
		{D7F2F43F-1550-4FF1-BA6B-BDBC23C7D3CE}.Debug|Any CPU.ActiveCfg = Debug|Any CPU
		{D7F2F43F-1550-4FF1-BA6B-BDBC23C7D3CE}.Debug|Any CPU.Build.0 = Debug|Any CPU
		{D7F2F43F-1550-4FF1-BA6B-BDBC23C7D3CE}.Release|Any CPU.ActiveCfg = Release|Any CPU
		{D7F2F43F-1550-4FF1-BA6B-BDBC23C7D3CE}.Release|Any CPU.Build.0 = Release|Any CPU
		{8186C74D-8DE7-4BFF-9958-C7AD6923C012}.Debug|Any CPU.ActiveCfg = Debug|Any CPU
		{8186C74D-8DE7-4BFF-9958-C7AD6923C012}.Debug|Any CPU.Build.0 = Debug|Any CPU
		{8186C74D-8DE7-4BFF-9958-C7AD6923C012}.Release|Any CPU.ActiveCfg = Release|Any CPU
		{8186C74D-8DE7-4BFF-9958-C7AD6923C012}.Release|Any CPU.Build.0 = Release|Any CPU
		{18C45EC0-C2D3-4DF4-B8D5-430B23426819}.Debug|Any CPU.ActiveCfg = Debug|Any CPU
		{18C45EC0-C2D3-4DF4-B8D5-430B23426819}.Debug|Any CPU.Build.0 = Debug|Any CPU
		{18C45EC0-C2D3-4DF4-B8D5-430B23426819}.Release|Any CPU.ActiveCfg = Release|Any CPU
		{18C45EC0-C2D3-4DF4-B8D5-430B23426819}.Release|Any CPU.Build.0 = Release|Any CPU
		{E0A361B8-2BF1-400B-99D1-AA94C84EAC58}.Debug|Any CPU.ActiveCfg = Debug|Any CPU
		{E0A361B8-2BF1-400B-99D1-AA94C84EAC58}.Debug|Any CPU.Build.0 = Debug|Any CPU
		{E0A361B8-2BF1-400B-99D1-AA94C84EAC58}.Release|Any CPU.ActiveCfg = Release|Any CPU
		{E0A361B8-2BF1-400B-99D1-AA94C84EAC58}.Release|Any CPU.Build.0 = Release|Any CPU
		{21F60921-D515-41B6-81D2-FB118859A411}.Debug|Any CPU.ActiveCfg = Debug|Any CPU
		{21F60921-D515-41B6-81D2-FB118859A411}.Debug|Any CPU.Build.0 = Debug|Any CPU
		{21F60921-D515-41B6-81D2-FB118859A411}.Release|Any CPU.ActiveCfg = Release|Any CPU
		{21F60921-D515-41B6-81D2-FB118859A411}.Release|Any CPU.Build.0 = Release|Any CPU
		{73A93C11-EA4C-449F-A795-6AD2C659FA23}.Debug|Any CPU.ActiveCfg = Debug|Any CPU
		{73A93C11-EA4C-449F-A795-6AD2C659FA23}.Debug|Any CPU.Build.0 = Debug|Any CPU
		{73A93C11-EA4C-449F-A795-6AD2C659FA23}.Release|Any CPU.ActiveCfg = Release|Any CPU
		{73A93C11-EA4C-449F-A795-6AD2C659FA23}.Release|Any CPU.Build.0 = Release|Any CPU
		{7DB08874-03DC-4B5D-A0EF-2A91395B1458}.Debug|Any CPU.ActiveCfg = Debug|Any CPU
		{7DB08874-03DC-4B5D-A0EF-2A91395B1458}.Debug|Any CPU.Build.0 = Debug|Any CPU
		{7DB08874-03DC-4B5D-A0EF-2A91395B1458}.Release|Any CPU.ActiveCfg = Release|Any CPU
		{7DB08874-03DC-4B5D-A0EF-2A91395B1458}.Release|Any CPU.Build.0 = Release|Any CPU
		{EB1A6CE4-196F-499E-A8F7-5B6157AAC660}.Debug|Any CPU.ActiveCfg = Debug|Any CPU
		{EB1A6CE4-196F-499E-A8F7-5B6157AAC660}.Debug|Any CPU.Build.0 = Debug|Any CPU
		{EB1A6CE4-196F-499E-A8F7-5B6157AAC660}.Release|Any CPU.ActiveCfg = Release|Any CPU
		{EB1A6CE4-196F-499E-A8F7-5B6157AAC660}.Release|Any CPU.Build.0 = Release|Any CPU
		{8721C215-C9B1-4B6B-8561-267B015E22F6}.Debug|Any CPU.ActiveCfg = Debug|Any CPU
		{8721C215-C9B1-4B6B-8561-267B015E22F6}.Debug|Any CPU.Build.0 = Debug|Any CPU
		{8721C215-C9B1-4B6B-8561-267B015E22F6}.Release|Any CPU.ActiveCfg = Release|Any CPU
		{8721C215-C9B1-4B6B-8561-267B015E22F6}.Release|Any CPU.Build.0 = Release|Any CPU
		{B93EB265-5972-4060-B238-E43BE134111C}.Debug|Any CPU.ActiveCfg = Debug|Any CPU
		{B93EB265-5972-4060-B238-E43BE134111C}.Debug|Any CPU.Build.0 = Debug|Any CPU
		{B93EB265-5972-4060-B238-E43BE134111C}.Release|Any CPU.ActiveCfg = Release|Any CPU
		{B93EB265-5972-4060-B238-E43BE134111C}.Release|Any CPU.Build.0 = Release|Any CPU
		{987AB6A9-6B86-45E0-9B28-7058EC8F355A}.Debug|Any CPU.ActiveCfg = Debug|Any CPU
		{987AB6A9-6B86-45E0-9B28-7058EC8F355A}.Debug|Any CPU.Build.0 = Debug|Any CPU
		{987AB6A9-6B86-45E0-9B28-7058EC8F355A}.Release|Any CPU.ActiveCfg = Release|Any CPU
		{987AB6A9-6B86-45E0-9B28-7058EC8F355A}.Release|Any CPU.Build.0 = Release|Any CPU
		{3E8F684C-65FB-4C75-8CE9-4CC6F2AC4E6F}.Debug|Any CPU.ActiveCfg = Debug|Any CPU
		{3E8F684C-65FB-4C75-8CE9-4CC6F2AC4E6F}.Debug|Any CPU.Build.0 = Debug|Any CPU
		{3E8F684C-65FB-4C75-8CE9-4CC6F2AC4E6F}.Release|Any CPU.ActiveCfg = Release|Any CPU
		{3E8F684C-65FB-4C75-8CE9-4CC6F2AC4E6F}.Release|Any CPU.Build.0 = Release|Any CPU
		{1AFC4E0C-D9FB-4494-B7EA-6F9C96ABEA66}.Debug|Any CPU.ActiveCfg = Debug|Any CPU
		{1AFC4E0C-D9FB-4494-B7EA-6F9C96ABEA66}.Debug|Any CPU.Build.0 = Debug|Any CPU
		{1AFC4E0C-D9FB-4494-B7EA-6F9C96ABEA66}.Release|Any CPU.ActiveCfg = Release|Any CPU
		{1AFC4E0C-D9FB-4494-B7EA-6F9C96ABEA66}.Release|Any CPU.Build.0 = Release|Any CPU
		{1B223D27-A0D8-4702-A76E-1E0DD2E03F0B}.Debug|Any CPU.ActiveCfg = Debug|Any CPU
		{1B223D27-A0D8-4702-A76E-1E0DD2E03F0B}.Debug|Any CPU.Build.0 = Debug|Any CPU
		{1B223D27-A0D8-4702-A76E-1E0DD2E03F0B}.Release|Any CPU.ActiveCfg = Release|Any CPU
		{1B223D27-A0D8-4702-A76E-1E0DD2E03F0B}.Release|Any CPU.Build.0 = Release|Any CPU
		{240EDA7B-A80D-49CA-B403-BB37BAA78EC1}.Debug|Any CPU.ActiveCfg = Debug|Any CPU
		{240EDA7B-A80D-49CA-B403-BB37BAA78EC1}.Debug|Any CPU.Build.0 = Debug|Any CPU
		{240EDA7B-A80D-49CA-B403-BB37BAA78EC1}.Release|Any CPU.ActiveCfg = Release|Any CPU
		{240EDA7B-A80D-49CA-B403-BB37BAA78EC1}.Release|Any CPU.Build.0 = Release|Any CPU
		{5E8EB49F-3AD3-4C11-BBF2-D04F0B2A0A0C}.Debug|Any CPU.ActiveCfg = Debug|Any CPU
		{5E8EB49F-3AD3-4C11-BBF2-D04F0B2A0A0C}.Debug|Any CPU.Build.0 = Debug|Any CPU
		{5E8EB49F-3AD3-4C11-BBF2-D04F0B2A0A0C}.Release|Any CPU.ActiveCfg = Release|Any CPU
		{5E8EB49F-3AD3-4C11-BBF2-D04F0B2A0A0C}.Release|Any CPU.Build.0 = Release|Any CPU
		{F2E67F59-150F-44EA-8747-413B736924E4}.Debug|Any CPU.ActiveCfg = Debug|Any CPU
		{F2E67F59-150F-44EA-8747-413B736924E4}.Debug|Any CPU.Build.0 = Debug|Any CPU
		{F2E67F59-150F-44EA-8747-413B736924E4}.Release|Any CPU.ActiveCfg = Release|Any CPU
		{F2E67F59-150F-44EA-8747-413B736924E4}.Release|Any CPU.Build.0 = Release|Any CPU
		{E9157F77-9668-4C00-8EFA-9F6B5B157B9F}.Debug|Any CPU.ActiveCfg = Debug|Any CPU
		{E9157F77-9668-4C00-8EFA-9F6B5B157B9F}.Debug|Any CPU.Build.0 = Debug|Any CPU
		{E9157F77-9668-4C00-8EFA-9F6B5B157B9F}.Release|Any CPU.ActiveCfg = Release|Any CPU
		{E9157F77-9668-4C00-8EFA-9F6B5B157B9F}.Release|Any CPU.Build.0 = Release|Any CPU
		{7D45C761-3F61-4460-86D0-154AC59614CA}.Debug|Any CPU.ActiveCfg = Debug|Any CPU
		{7D45C761-3F61-4460-86D0-154AC59614CA}.Debug|Any CPU.Build.0 = Debug|Any CPU
		{7D45C761-3F61-4460-86D0-154AC59614CA}.Release|Any CPU.ActiveCfg = Release|Any CPU
		{7D45C761-3F61-4460-86D0-154AC59614CA}.Release|Any CPU.Build.0 = Release|Any CPU
		{12665A33-7FF3-45E7-BE88-4BA4799B09F6}.Debug|Any CPU.ActiveCfg = Debug|Any CPU
		{12665A33-7FF3-45E7-BE88-4BA4799B09F6}.Debug|Any CPU.Build.0 = Debug|Any CPU
		{12665A33-7FF3-45E7-BE88-4BA4799B09F6}.Release|Any CPU.ActiveCfg = Release|Any CPU
		{12665A33-7FF3-45E7-BE88-4BA4799B09F6}.Release|Any CPU.Build.0 = Release|Any CPU
		{C9063D2E-46A6-4531-9173-1B49F0884BC3}.Debug|Any CPU.ActiveCfg = Debug|Any CPU
		{C9063D2E-46A6-4531-9173-1B49F0884BC3}.Debug|Any CPU.Build.0 = Debug|Any CPU
		{C9063D2E-46A6-4531-9173-1B49F0884BC3}.Release|Any CPU.ActiveCfg = Release|Any CPU
		{C9063D2E-46A6-4531-9173-1B49F0884BC3}.Release|Any CPU.Build.0 = Release|Any CPU
		{83ECDFBA-8947-4C18-A6E7-21C455E1F5CB}.Debug|Any CPU.ActiveCfg = Debug|Any CPU
		{83ECDFBA-8947-4C18-A6E7-21C455E1F5CB}.Debug|Any CPU.Build.0 = Debug|Any CPU
		{83ECDFBA-8947-4C18-A6E7-21C455E1F5CB}.Release|Any CPU.ActiveCfg = Release|Any CPU
		{83ECDFBA-8947-4C18-A6E7-21C455E1F5CB}.Release|Any CPU.Build.0 = Release|Any CPU
		{CCD6CC3A-7EAE-4D68-97DD-6DE9CF14A5EB}.Debug|Any CPU.ActiveCfg = Debug|Any CPU
		{CCD6CC3A-7EAE-4D68-97DD-6DE9CF14A5EB}.Debug|Any CPU.Build.0 = Debug|Any CPU
		{CCD6CC3A-7EAE-4D68-97DD-6DE9CF14A5EB}.Release|Any CPU.ActiveCfg = Release|Any CPU
		{CCD6CC3A-7EAE-4D68-97DD-6DE9CF14A5EB}.Release|Any CPU.Build.0 = Release|Any CPU
		{0E427827-A8DC-4AE8-B30B-7074F86641C2}.Debug|Any CPU.ActiveCfg = Debug|Any CPU
		{0E427827-A8DC-4AE8-B30B-7074F86641C2}.Debug|Any CPU.Build.0 = Debug|Any CPU
		{0E427827-A8DC-4AE8-B30B-7074F86641C2}.Release|Any CPU.ActiveCfg = Release|Any CPU
		{0E427827-A8DC-4AE8-B30B-7074F86641C2}.Release|Any CPU.Build.0 = Release|Any CPU
		{D8288BE6-9A0B-44DA-94DF-09E0E15B0DCD}.Debug|Any CPU.ActiveCfg = Debug|Any CPU
		{D8288BE6-9A0B-44DA-94DF-09E0E15B0DCD}.Debug|Any CPU.Build.0 = Debug|Any CPU
		{D8288BE6-9A0B-44DA-94DF-09E0E15B0DCD}.Release|Any CPU.ActiveCfg = Release|Any CPU
		{D8288BE6-9A0B-44DA-94DF-09E0E15B0DCD}.Release|Any CPU.Build.0 = Release|Any CPU
		{6C51E7E0-E6E6-421C-B299-2D267BC0C37A}.Debug|Any CPU.ActiveCfg = Debug|Any CPU
		{6C51E7E0-E6E6-421C-B299-2D267BC0C37A}.Debug|Any CPU.Build.0 = Debug|Any CPU
		{6C51E7E0-E6E6-421C-B299-2D267BC0C37A}.Release|Any CPU.ActiveCfg = Release|Any CPU
		{6C51E7E0-E6E6-421C-B299-2D267BC0C37A}.Release|Any CPU.Build.0 = Release|Any CPU
		{CCA0AA0E-C474-4790-891A-F74C2F36AC70}.Debug|Any CPU.ActiveCfg = Debug|Any CPU
		{CCA0AA0E-C474-4790-891A-F74C2F36AC70}.Debug|Any CPU.Build.0 = Debug|Any CPU
		{CCA0AA0E-C474-4790-891A-F74C2F36AC70}.Release|Any CPU.ActiveCfg = Release|Any CPU
		{CCA0AA0E-C474-4790-891A-F74C2F36AC70}.Release|Any CPU.Build.0 = Release|Any CPU
		{E315ED0D-23B8-45A3-BAA0-C013E73925D2}.Debug|Any CPU.ActiveCfg = Debug|Any CPU
		{E315ED0D-23B8-45A3-BAA0-C013E73925D2}.Debug|Any CPU.Build.0 = Debug|Any CPU
		{E315ED0D-23B8-45A3-BAA0-C013E73925D2}.Release|Any CPU.ActiveCfg = Release|Any CPU
		{E315ED0D-23B8-45A3-BAA0-C013E73925D2}.Release|Any CPU.Build.0 = Release|Any CPU
		{0714EA9D-C383-4030-8105-580ED3808433}.Debug|Any CPU.ActiveCfg = Debug|Any CPU
		{0714EA9D-C383-4030-8105-580ED3808433}.Debug|Any CPU.Build.0 = Debug|Any CPU
		{0714EA9D-C383-4030-8105-580ED3808433}.Release|Any CPU.ActiveCfg = Release|Any CPU
		{0714EA9D-C383-4030-8105-580ED3808433}.Release|Any CPU.Build.0 = Release|Any CPU
	EndGlobalSection
	GlobalSection(SolutionProperties) = preSolution
		HideSolutionNode = FALSE
	EndGlobalSection
	GlobalSection(NestedProjects) = preSolution
		{6121A1AD-4AE8-4ED2-A86B-61EDD958CE02} = {8373F753-E922-4726-9C9C-405BB5358C64}
		{1D6228C6-C443-40E4-9BDD-862164BBD44B} = {4880C5A9-189D-43DA-94F9-3F5CA10CB328}
		{564C425E-8575-4AEF-8232-DECF0A441314} = {F328E4EC-F526-4447-8A6B-D2ACD26BC7F0}
		{60569A02-7CFC-4F72-AAF9-4F03BBA67D53} = {41122A78-EEF0-49AE-B779-C41D5768FF78}
		{4E1B2F53-B640-476E-B7E6-369F269B7A58} = {98215C86-9F61-4EB2-933E-FEE829A58F6A}
		{63AFA8EC-4031-4F9F-A1B9-153CFFE278F0} = {98215C86-9F61-4EB2-933E-FEE829A58F6A}
		{285ABE97-C624-40A8-B693-57028D2E1FF5} = {98215C86-9F61-4EB2-933E-FEE829A58F6A}
		{F34E7020-5023-4664-8B44-0F2B43213139} = {98215C86-9F61-4EB2-933E-FEE829A58F6A}
		{D7F2F43F-1550-4FF1-BA6B-BDBC23C7D3CE} = {98215C86-9F61-4EB2-933E-FEE829A58F6A}
		{8186C74D-8DE7-4BFF-9958-C7AD6923C012} = {98215C86-9F61-4EB2-933E-FEE829A58F6A}
		{18C45EC0-C2D3-4DF4-B8D5-430B23426819} = {98215C86-9F61-4EB2-933E-FEE829A58F6A}
		{E0A361B8-2BF1-400B-99D1-AA94C84EAC58} = {98215C86-9F61-4EB2-933E-FEE829A58F6A}
		{21F60921-D515-41B6-81D2-FB118859A411} = {98215C86-9F61-4EB2-933E-FEE829A58F6A}
		{73A93C11-EA4C-449F-A795-6AD2C659FA23} = {98215C86-9F61-4EB2-933E-FEE829A58F6A}
		{7DB08874-03DC-4B5D-A0EF-2A91395B1458} = {98215C86-9F61-4EB2-933E-FEE829A58F6A}
		{EB1A6CE4-196F-499E-A8F7-5B6157AAC660} = {98215C86-9F61-4EB2-933E-FEE829A58F6A}
		{8721C215-C9B1-4B6B-8561-267B015E22F6} = {98215C86-9F61-4EB2-933E-FEE829A58F6A}
		{B93EB265-5972-4060-B238-E43BE134111C} = {98215C86-9F61-4EB2-933E-FEE829A58F6A}
		{987AB6A9-6B86-45E0-9B28-7058EC8F355A} = {7B1C42CA-DF5F-4F8C-A7F4-2BFCB5644EDB}
		{3E8F684C-65FB-4C75-8CE9-4CC6F2AC4E6F} = {8373F753-E922-4726-9C9C-405BB5358C64}
		{1AFC4E0C-D9FB-4494-B7EA-6F9C96ABEA66} = {57AA62E5-DA43-48E8-8DD9-F854DDFCADAE}
		{1B223D27-A0D8-4702-A76E-1E0DD2E03F0B} = {F96C68E4-0663-41F0-91B1-8232C5CA48C3}
		{240EDA7B-A80D-49CA-B403-BB37BAA78EC1} = {F96C68E4-0663-41F0-91B1-8232C5CA48C3}
		{5E8EB49F-3AD3-4C11-BBF2-D04F0B2A0A0C} = {2336E6CC-915E-48D9-837E-2BE770EA166F}
		{F2E67F59-150F-44EA-8747-413B736924E4} = {F96C68E4-0663-41F0-91B1-8232C5CA48C3}
		{E9157F77-9668-4C00-8EFA-9F6B5B157B9F} = {4880C5A9-189D-43DA-94F9-3F5CA10CB328}
		{7D45C761-3F61-4460-86D0-154AC59614CA} = {41122A78-EEF0-49AE-B779-C41D5768FF78}
		{12665A33-7FF3-45E7-BE88-4BA4799B09F6} = {246A39B1-CA37-4F41-AB7B-5050EA5B80D4}
		{C9063D2E-46A6-4531-9173-1B49F0884BC3} = {3BD3A6FD-5E2D-498A-B537-71B25B5B9E08}
		{83ECDFBA-8947-4C18-A6E7-21C455E1F5CB} = {3BD3A6FD-5E2D-498A-B537-71B25B5B9E08}
		{CCD6CC3A-7EAE-4D68-97DD-6DE9CF14A5EB} = {D023C0EC-EBC4-4D6B-94F7-D1409FA25EE7}
		{0E427827-A8DC-4AE8-B30B-7074F86641C2} = {6D357F62-C55B-4A9A-B93F-E99B5AE922FB}
		{D8288BE6-9A0B-44DA-94DF-09E0E15B0DCD} = {D023C0EC-EBC4-4D6B-94F7-D1409FA25EE7}
		{6C51E7E0-E6E6-421C-B299-2D267BC0C37A} = {0A5C782D-C1E4-46B5-B646-F3E0E211DC57}
		{CCA0AA0E-C474-4790-891A-F74C2F36AC70} = {121B7ED5-8351-4FB6-9C88-C9CA4A2336D9}
		{E315ED0D-23B8-45A3-BAA0-C013E73925D2} = {121B7ED5-8351-4FB6-9C88-C9CA4A2336D9}
		{0714EA9D-C383-4030-8105-580ED3808433} = {FC0C9E78-C9CB-4532-89BF-7BB8525C036B}
	EndGlobalSection
	GlobalSection(ExtensibilityGlobals) = postSolution
		SolutionGuid = {FB4AFD9D-1F75-40AE-B3A3-EB3F4398B35D}
	EndGlobalSection
EndGlobal
